
Microsoft Visual Studio Solution File, Format Version 12.00
# Visual Studio Version 16
VisualStudioVersion = 16.0.33423.256
MinimumVisualStudioVersion = 10.0.40219.1
Project("{FAE04EC0-301F-11D3-BF4B-00C04F79EFBC}") = "TEST_APP", "TEST_APP.csproj", "{FF80E2AB-A141-4C84-81BE-EFCCEA0DCE2B}"
EndProject
Global
	GlobalSection(SolutionConfigurationPlatforms) = preSolution
		Debug|Any CPU = Debug|Any CPU
		Release|Any CPU = Release|Any CPU
	EndGlobalSection
	GlobalSection(ProjectConfigurationPlatforms) = postSolution
		{FF80E2AB-A141-4C84-81BE-EFCCEA0DCE2B}.Debug|Any CPU.ActiveCfg = Debug|Any CPU
		{FF80E2AB-A141-4C84-81BE-EFCCEA0DCE2B}.Debug|Any CPU.Build.0 = Debug|Any CPU
		{FF80E2AB-A141-4C84-81BE-EFCCEA0DCE2B}.Release|Any CPU.ActiveCfg = Release|Any CPU
		{FF80E2AB-A141-4C84-81BE-EFCCEA0DCE2B}.Release|Any CPU.Build.0 = Release|Any CPU
	EndGlobalSection
	GlobalSection(SolutionProperties) = preSolution
		HideSolutionNode = FALSE
	EndGlobalSection
	GlobalSection(ExtensibilityGlobals) = postSolution
		SolutionGuid = {6A2F9402-04AB-49A2-8E0D-75F3C31E5236}
	EndGlobalSection
EndGlobal
